// !$*UTF8*$!
{
	archiveVersion = 1;
	classes = {
	};
	objectVersion = 77;
	objects = {

/* Begin PBXBuildFile section */
		01FEEEB1F0E0A9FEFA8513B1 /* IssueCaptureDemoApp.swift in Sources */ = {isa = PBXBuildFile; fileRef = 839C02564E297E2A36BDE7FE /* IssueCaptureDemoApp.swift */; };
		314E5F430B0AD1E3FD0A9056 /* IssueCapture in Frameworks */ = {isa = PBXBuildFile; productRef = 7A3890AC84B70FD5B9987BE3 /* IssueCapture */; };
		C606E2DDF6D92006B717A1E6 /* DemoProfileScreen.swift in Sources */ = {isa = PBXBuildFile; fileRef = A058A42BED8A5715AED7EAD0 /* DemoProfileScreen.swift */; };
		FD54B55738E9DA83B43DECC4 /* DemoHomeScreen.swift in Sources */ = {isa = PBXBuildFile; fileRef = 4D5292DAE04964888DF4A053 /* DemoHomeScreen.swift */; };
/* End PBXBuildFile section */

/* Begin PBXFileReference section */
		0FAAA21986CA1A3E03DCADD5 /* IssueCapture */ = {isa = PBXFileReference; lastKnownFileType = folder; name = IssueCapture; path = ../..; sourceTree = SOURCE_ROOT; };
		4D5292DAE04964888DF4A053 /* DemoHomeScreen.swift */ = {isa = PBXFileReference; lastKnownFileType = sourcecode.swift; path = DemoHomeScreen.swift; sourceTree = "<group>"; };
		839C02564E297E2A36BDE7FE /* IssueCaptureDemoApp.swift */ = {isa = PBXFileReference; lastKnownFileType = sourcecode.swift; path = IssueCaptureDemoApp.swift; sourceTree = "<group>"; };
		A058A42BED8A5715AED7EAD0 /* DemoProfileScreen.swift */ = {isa = PBXFileReference; lastKnownFileType = sourcecode.swift; path = DemoProfileScreen.swift; sourceTree = "<group>"; };
		A8983B3077E3469FE4DA3BDB /* IssueCaptureDemo.app */ = {isa = PBXFileReference; includeInIndex = 0; lastKnownFileType = wrapper.application; path = IssueCaptureDemo.app; sourceTree = BUILT_PRODUCTS_DIR; };
/* End PBXFileReference section */

/* Begin PBXFrameworksBuildPhase section */
		A477F1082A1712886F049F2D /* Frameworks */ = {
			isa = PBXFrameworksBuildPhase;
			buildActionMask = 2147483647;
			files = (
				314E5F430B0AD1E3FD0A9056 /* IssueCapture in Frameworks */,
			);
			runOnlyForDeploymentPostprocessing = 0;
		};
/* End PBXFrameworksBuildPhase section */

/* Begin PBXGroup section */
		0AE0EFB91F717B5F90FC8669 /* Products */ = {
			isa = PBXGroup;
			children = (
				A8983B3077E3469FE4DA3BDB /* IssueCaptureDemo.app */,
			);
			name = Products;
			sourceTree = "<group>";
		};
		96633F67430183998B360E1F /* Sources */ = {
			isa = PBXGroup;
			children = (
				4D5292DAE04964888DF4A053 /* DemoHomeScreen.swift */,
				A058A42BED8A5715AED7EAD0 /* DemoProfileScreen.swift */,
				839C02564E297E2A36BDE7FE /* IssueCaptureDemoApp.swift */,
			);
			path = Sources;
			sourceTree = "<group>";
		};
		C460A278ADE8ED5A9841ECEE = {
			isa = PBXGroup;
			children = (
				D10B621603512239234FA2A1 /* Packages */,
				96633F67430183998B360E1F /* Sources */,
				0AE0EFB91F717B5F90FC8669 /* Products */,
			);
			sourceTree = "<group>";
		};
		D10B621603512239234FA2A1 /* Packages */ = {
			isa = PBXGroup;
			children = (
				0FAAA21986CA1A3E03DCADD5 /* IssueCapture */,
			);
			name = Packages;
			sourceTree = "<group>";
		};
/* End PBXGroup section */

/* Begin PBXNativeTarget section */
		3BC510E77C8E1CBA3EDBDDA2 /* IssueCaptureDemo */ = {
			isa = PBXNativeTarget;
			buildConfigurationList = A71F584CCA23F376F72C04DD /* Build configuration list for PBXNativeTarget "IssueCaptureDemo" */;
			buildPhases = (
				E3C60F19F6CD19340E971764 /* Sources */,
				A477F1082A1712886F049F2D /* Frameworks */,
			);
			buildRules = (
			);
			dependencies = (
			);
			name = IssueCaptureDemo;
			packageProductDependencies = (
				7A3890AC84B70FD5B9987BE3 /* IssueCapture */,
			);
			productName = IssueCaptureDemo;
			productReference = A8983B3077E3469FE4DA3BDB /* IssueCaptureDemo.app */;
			productType = "com.apple.product-type.application";
		};
/* End PBXNativeTarget section */

/* Begin PBXProject section */
		84CAECB5ACA2F10C9400F986 /* Project object */ = {
			isa = PBXProject;
			attributes = {
				BuildIndependentTargetsInParallel = YES;
				LastUpgradeCheck = 1430;
				TargetAttributes = {
				};
			};
			buildConfigurationList = 9EC0EA12D419A07F6F73C93F /* Build configuration list for PBXProject "IssueCaptureDemo" */;
			developmentRegion = en;
			hasScannedForEncodings = 0;
			knownRegions = (
				Base,
				en,
			);
			mainGroup = C460A278ADE8ED5A9841ECEE;
			minimizedProjectReferenceProxies = 1;
			packageReferences = (
				EF68AC69D12BE9824EA88B4F /* XCLocalSwiftPackageReference "../.." */,
			);
			preferredProjectObjectVersion = 77;
			productRefGroup = 0AE0EFB91F717B5F90FC8669 /* Products */;
			projectDirPath = "";
			projectRoot = "";
			targets = (
				3BC510E77C8E1CBA3EDBDDA2 /* IssueCaptureDemo */,
			);
		};
/* End PBXProject section */

/* Begin PBXSourcesBuildPhase section */
		E3C60F19F6CD19340E971764 /* Sources */ = {
			isa = PBXSourcesBuildPhase;
			buildActionMask = 2147483647;
			files = (
				FD54B55738E9DA83B43DECC4 /* DemoHomeScreen.swift in Sources */,
				C606E2DDF6D92006B717A1E6 /* DemoProfileScreen.swift in Sources */,
				01FEEEB1F0E0A9FEFA8513B1 /* IssueCaptureDemoApp.swift in Sources */,
			);
			runOnlyForDeploymentPostprocessing = 0;
		};
/* End PBXSourcesBuildPhase section */

/* Begin XCBuildConfiguration section */
		213A5AC2DA1087A91CF112F7 /* Debug */ = {
			isa = XCBuildConfiguration;
			buildSettings = {
				ALWAYS_SEARCH_USER_PATHS = NO;
				CLANG_ANALYZER_NONNULL = YES;
				CLANG_ANALYZER_NUMBER_OBJECT_CONVERSION = YES_AGGRESSIVE;
				CLANG_CXX_LANGUAGE_STANDARD = "gnu++14";
				CLANG_CXX_LIBRARY = "libc++";
				CLANG_ENABLE_MODULES = YES;
				CLANG_ENABLE_OBJC_ARC = YES;
				CLANG_ENABLE_OBJC_WEAK = YES;
				CLANG_WARN_BLOCK_CAPTURE_AUTORELEASING = YES;
				CLANG_WARN_BOOL_CONVERSION = YES;
				CLANG_WARN_COMMA = YES;
				CLANG_WARN_CONSTANT_CONVERSION = YES;
				CLANG_WARN_DEPRECATED_OBJC_IMPLEMENTATIONS = YES;
				CLANG_WARN_DIRECT_OBJC_ISA_USAGE = YES_ERROR;
				CLANG_WARN_DOCUMENTATION_COMMENTS = YES;
				CLANG_WARN_EMPTY_BODY = YES;
				CLANG_WARN_ENUM_CONVERSION = YES;
				CLANG_WARN_INFINITE_RECURSION = YES;
				CLANG_WARN_INT_CONVERSION = YES;
				CLANG_WARN_NON_LITERAL_NULL_CONVERSION = YES;
				CLANG_WARN_OBJC_IMPLICIT_RETAIN_SELF = YES;
				CLANG_WARN_OBJC_LITERAL_CONVERSION = YES;
				CLANG_WARN_OBJC_ROOT_CLASS = YES_ERROR;
				CLANG_WARN_QUOTED_INCLUDE_IN_FRAMEWORK_HEADER = YES;
				CLANG_WARN_RANGE_LOOP_ANALYSIS = YES;
				CLANG_WARN_STRICT_PROTOTYPES = YES;
				CLANG_WARN_SUSPICIOUS_MOVE = YES;
				CLANG_WARN_UNGUARDED_AVAILABILITY = YES_AGGRESSIVE;
				CLANG_WARN_UNREACHABLE_CODE = YES;
				CLANG_WARN__DUPLICATE_METHOD_MATCH = YES;
				COPY_PHASE_STRIP = NO;
				DEBUG_INFORMATION_FORMAT = dwarf;
				ENABLE_STRICT_OBJC_MSGSEND = YES;
				ENABLE_TESTABILITY = YES;
				GCC_C_LANGUAGE_STANDARD = gnu11;
				GCC_DYNAMIC_NO_PIC = NO;
				GCC_NO_COMMON_BLOCKS = YES;
				GCC_OPTIMIZATION_LEVEL = 0;
				GCC_PREPROCESSOR_DEFINITIONS = (
					"$(inherited)",
					"DEBUG=1",
				);
				GCC_WARN_64_TO_32_BIT_CONVERSION = YES;
				GCC_WARN_ABOUT_RETURN_TYPE = YES_ERROR;
				GCC_WARN_UNDECLARED_SELECTOR = YES;
				GCC_WARN_UNINITIALIZED_AUTOS = YES_AGGRESSIVE;
				GCC_WARN_UNUSED_FUNCTION = YES;
				GCC_WARN_UNUSED_VARIABLE = YES;
				IPHONEOS_DEPLOYMENT_TARGET = 17.0;
				MTL_ENABLE_DEBUG_INFO = INCLUDE_SOURCE;
				MTL_FAST_MATH = YES;
				ONLY_ACTIVE_ARCH = YES;
				PRODUCT_NAME = "$(TARGET_NAME)";
				SDKROOT = iphoneos;
				SWIFT_ACTIVE_COMPILATION_CONDITIONS = DEBUG;
				SWIFT_OPTIMIZATION_LEVEL = "-Onone";
				SWIFT_VERSION = 5.0;
			};
			name = Debug;
		};
		364959081236A4BF396D87A5 /* Debug */ = {
			isa = XCBuildConfiguration;
			buildSettings = {
				ASSETCATALOG_COMPILER_APPICON_NAME = AppIcon;
				CODE_SIGN_IDENTITY = "iPhone Developer";
				GENERATE_INFOPLIST_FILE = YES;
				INFOPLIST_KEY_UIApplicationSceneManifest_Generation = YES;
				INFOPLIST_KEY_UILaunchScreen_Generation = YES;
				INFOPLIST_KEY_UISupportedInterfaceOrientations = "UIInterfaceOrientationPortrait UIInterfaceOrientationPortraitUpsideDown UIInterfaceOrientationLandscapeLeft UIInterfaceOrientationLandscapeRight";
				LD_RUNPATH_SEARCH_PATHS = (
					"$(inherited)",
					"@executable_path/Frameworks",
				);
				PRODUCT_BUNDLE_IDENTIFIER = dev.issuecapture.demo;
				SDKROOT = iphoneos;
				SWIFT_VERSION = 5.0;
				TARGETED_DEVICE_FAMILY = "1,2";
			};
			name = Debug;
		};
		4EFB2EEFAA95BEEFCB0AA3BA /* Release */ = {
			isa = XCBuildConfiguration;
			buildSettings = {
				ASSETCATALOG_COMPILER_APPICON_NAME = AppIcon;
				CODE_SIGN_IDENTITY = "iPhone Developer";
				GENERATE_INFOPLIST_FILE = YES;
				INFOPLIST_KEY_UIApplicationSceneManifest_Generation = YES;
				INFOPLIST_KEY_UILaunchScreen_Generation = YES;
				INFOPLIST_KEY_UISupportedInterfaceOrientations = "UIInterfaceOrientationPortrait UIInterfaceOrientationPortraitUpsideDown UIInterfaceOrientationLandscapeLeft UIInterfaceOrientationLandscapeRight";
				LD_RUNPATH_SEARCH_PATHS = (
					"$(inherited)",
					"@executable_path/Frameworks",
				);
				PRODUCT_BUNDLE_IDENTIFIER = dev.issuecapture.demo;
				SDKROOT = iphoneos;
				SWIFT_VERSION = 5.0;
				TARGETED_DEVICE_FAMILY = "1,2";
			};
			name = Release;
		};
		E4FDA7CBFF93B581F3E229F7 /* Release */ = {
			isa = XCBuildConfiguration;
			buildSettings = {
				ALWAYS_SEARCH_USER_PATHS = NO;
				CLANG_ANALYZER_NONNULL = YES;
				CLANG_ANALYZER_NUMBER_OBJECT_CONVERSION = YES_AGGRESSIVE;
				CLANG_CXX_LANGUAGE_STANDARD = "gnu++14";
				CLANG_CXX_LIBRARY = "libc++";
				CLANG_ENABLE_MODULES = YES;
				CLANG_ENABLE_OBJC_ARC = YES;
				CLANG_ENABLE_OBJC_WEAK = YES;
				CLANG_WARN_BLOCK_CAPTURE_AUTORELEASING = YES;
				CLANG_WARN_BOOL_CONVERSION = YES;
				CLANG_WARN_COMMA = YES;
				CLANG_WARN_CONSTANT_CONVERSION = YES;
				CLANG_WARN_DEPRECATED_OBJC_IMPLEMENTATIONS = YES;
				CLANG_WARN_DIRECT_OBJC_ISA_USAGE = YES_ERROR;
				CLANG_WARN_DOCUMENTATION_COMMENTS = YES;
				CLANG_WARN_EMPTY_BODY = YES;
				CLANG_WARN_ENUM_CONVERSION = YES;
				CLANG_WARN_INFINITE_RECURSION = YES;
				CLANG_WARN_INT_CONVERSION = YES;
				CLANG_WARN_NON_LITERAL_NULL_CONVERSION = YES;
				CLANG_WARN_OBJC_IMPLICIT_RETAIN_SELF = YES;
				CLANG_WARN_OBJC_LITERAL_CONVERSION = YES;
				CLANG_WARN_OBJC_ROOT_CLASS = YES_ERROR;
				CLANG_WARN_QUOTED_INCLUDE_IN_FRAMEWORK_HEADER = YES;
				CLANG_WARN_RANGE_LOOP_ANALYSIS = YES;
				CLANG_WARN_STRICT_PROTOTYPES = YES;
				CLANG_WARN_SUSPICIOUS_MOVE = YES;
				CLANG_WARN_UNGUARDED_AVAILABILITY = YES_AGGRESSIVE;
				CLANG_WARN_UNREACHABLE_CODE = YES;
				CLANG_WARN__DUPLICATE_METHOD_MATCH = YES;
				COPY_PHASE_STRIP = NO;
				DEBUG_INFORMATION_FORMAT = "dwarf-with-dsym";
				ENABLE_NS_ASSERTIONS = NO;
				ENABLE_STRICT_OBJC_MSGSEND = YES;
				GCC_C_LANGUAGE_STANDARD = gnu11;
				GCC_NO_COMMON_BLOCKS = YES;
				GCC_WARN_64_TO_32_BIT_CONVERSION = YES;
				GCC_WARN_ABOUT_RETURN_TYPE = YES_ERROR;
				GCC_WARN_UNDECLARED_SELECTOR = YES;
				GCC_WARN_UNINITIALIZED_AUTOS = YES_AGGRESSIVE;
				GCC_WARN_UNUSED_FUNCTION = YES;
				GCC_WARN_UNUSED_VARIABLE = YES;
				IPHONEOS_DEPLOYMENT_TARGET = 17.0;
				MTL_ENABLE_DEBUG_INFO = NO;
				MTL_FAST_MATH = YES;
				PRODUCT_NAME = "$(TARGET_NAME)";
				SDKROOT = iphoneos;
				SWIFT_COMPILATION_MODE = wholemodule;
				SWIFT_OPTIMIZATION_LEVEL = "-O";
				SWIFT_VERSION = 5.0;
			};
			name = Release;
		};
/* End XCBuildConfiguration section */

/* Begin XCConfigurationList section */
		9EC0EA12D419A07F6F73C93F /* Build configuration list for PBXProject "IssueCaptureDemo" */ = {
			isa = XCConfigurationList;
			buildConfigurations = (
				213A5AC2DA1087A91CF112F7 /* Debug */,
				E4FDA7CBFF93B581F3E229F7 /* Release */,
			);
			defaultConfigurationIsVisible = 0;
			defaultConfigurationName = Debug;
		};
		A71F584CCA23F376F72C04DD /* Build configuration list for PBXNativeTarget "IssueCaptureDemo" */ = {
			isa = XCConfigurationList;
			buildConfigurations = (
				364959081236A4BF396D87A5 /* Debug */,
				4EFB2EEFAA95BEEFCB0AA3BA /* Release */,
			);
			defaultConfigurationIsVisible = 0;
			defaultConfigurationName = Debug;
		};
/* End XCConfigurationList section */

/* Begin XCLocalSwiftPackageReference section */
		EF68AC69D12BE9824EA88B4F /* XCLocalSwiftPackageReference "../.." */ = {
			isa = XCLocalSwiftPackageReference;
			relativePath = ../..;
		};
/* End XCLocalSwiftPackageReference section */

/* Begin XCSwiftPackageProductDependency section */
		7A3890AC84B70FD5B9987BE3 /* IssueCapture */ = {
			isa = XCSwiftPackageProductDependency;
			productName = IssueCapture;
		};
/* End XCSwiftPackageProductDependency section */
	};
	rootObject = 84CAECB5ACA2F10C9400F986 /* Project object */;
}
